
Microsoft Visual Studio Solution File, Format Version 12.00
# Visual Studio Version 17
VisualStudioVersion = 17.14.36119.2 d17.14
MinimumVisualStudioVersion = 10.0.40219.1
Project("{FAE04EC0-301F-11D3-BF4B-00C04F79EFBC}") = "PRN212_ManageParking", "PRN212_ManageParking\PRN212_ManageParking.csproj", "{F830873A-665C-4FB8-99DB-8255B5C60B5B}"
EndProject
Global
	GlobalSection(SolutionConfigurationPlatforms) = preSolution
		Debug|Any CPU = Debug|Any CPU
		Release|Any CPU = Release|Any CPU
	EndGlobalSection
	GlobalSection(ProjectConfigurationPlatforms) = postSolution
		{F830873A-665C-4FB8-99DB-8255B5C60B5B}.Debug|Any CPU.ActiveCfg = Debug|Any CPU
		{F830873A-665C-4FB8-99DB-8255B5C60B5B}.Debug|Any CPU.Build.0 = Debug|Any CPU
		{F830873A-665C-4FB8-99DB-8255B5C60B5B}.Release|Any CPU.ActiveCfg = Release|Any CPU
		{F830873A-665C-4FB8-99DB-8255B5C60B5B}.Release|Any CPU.Build.0 = Release|Any CPU
	EndGlobalSection
	GlobalSection(SolutionProperties) = preSolution
		HideSolutionNode = FALSE
	EndGlobalSection
	GlobalSection(ExtensibilityGlobals) = postSolution
		SolutionGuid = {4B95E96E-DA6B-4004-844C-0ED0C252D6A6}
	EndGlobalSection
EndGlobal
